# THIS IS AN AUTOGENERATED FILE. DO NOT EDIT THIS FILE DIRECTLY.
# yarn lockfile v1


"@heroku/socksv5@^0.0.9":
  version "0.0.9"
  resolved "https://registry.yarnpkg.com/@heroku/socksv5/-/socksv5-0.0.9.tgz#7a3905921136b2666979a0f86bb4f062f657f793"
  integrity sha1-ejkFkhE2smZpeaD4a7TwYvZX95M=
  dependencies:
    ip-address "^5.8.8"

"@types/color-name@^1.1.1":
  version "1.1.1"
  resolved "https://registry.yarnpkg.com/@types/color-name/-/color-name-1.1.1.tgz#1c1261bbeaa10a8055bbc5d8ab84b7b2afc846a0"
  integrity sha512-rr+OQyAjxze7GgWrSaJwydHStIhHq2lvY3BOC2Mj7KnzI7XK0Uw1TOOdI9lDoajEbSWLiYgoo4f1R51erQfhPQ==

"@types/md5-file@^4.0.0":
  version "4.0.0"
  resolved "https://registry.yarnpkg.com/@types/md5-file/-/md5-file-4.0.0.tgz#01c986144648a757ac6e7ada665fa665c253289d"
  integrity sha512-t+qg7R25oYo6z3iWI+9CRky2mgQ51RGvLqlCPV+xa6dKp0YDomv0TArLK/CdcReFZwQHn/YMNRZx+4AUWXPtlg==

"@types/node@*", "@types/node@^12.12.7":
  version "12.12.17"
  resolved "https://registry.yarnpkg.com/@types/node/-/node-12.12.17.tgz#191b71e7f4c325ee0fb23bc4a996477d92b8c39b"
  integrity sha512-Is+l3mcHvs47sKy+afn2O1rV4ldZFU7W8101cNlOd+MRbjM4Onida8jSZnJdTe/0Pcf25g9BNIUsuugmE6puHA==

"@types/ssh2-streams@*", "@types/ssh2-streams@^0.1.6":
  version "0.1.6"
  resolved "https://registry.yarnpkg.com/@types/ssh2-streams/-/ssh2-streams-0.1.6.tgz#1ff5b1fe50c15f282efe9fd092c68494f8702bc2"
  integrity sha512-NB+SYftagfHTDPdgVyvSZCeg5MURyHECd/PycGIW9hwhnEbTFxIdDbFtf3jxUO3rRnfr0lfdtkZFiv28T1cAsg==
  dependencies:
    "@types/node" "*"

"@types/ssh2@^0.5.39":
  version "0.5.39"
  resolved "https://registry.yarnpkg.com/@types/ssh2/-/ssh2-0.5.39.tgz#e39ab7e38fc01337f66237ed6c42237ef3e58e3b"
  integrity sha512-MtX4tr6Jtdn/JPVsQytjB/NBeOd7JfCyf/l79KOdkUYL+r4GXUXcySX1n8W4O61fnQdljTBXEPJJ2dhnGhi2xg==
  dependencies:
    "@types/node" "*"
    "@types/ssh2-streams" "*"

ansi-styles@^4.1.0:
  version "4.2.0"
  resolved "https://registry.yarnpkg.com/ansi-styles/-/ansi-styles-4.2.0.tgz#5681f0dcf7ae5880a7841d8831c4724ed9cc0172"
  integrity sha512-7kFQgnEaMdRtwf6uSfUnVr9gSGC7faurn+J/Mv90/W+iTtN0405/nLdopfMWwchyxhbGYl6TC4Sccn9TUkGAgg==
  dependencies:
    "@types/color-name" "^1.1.1"
    color-convert "^2.0.1"

asn1@~0.2.0:
  version "0.2.4"
  resolved "https://registry.yarnpkg.com/asn1/-/asn1-0.2.4.tgz#8d2475dfab553bb33e77b54e59e880bb8ce23136"
  integrity sha512-jxwzQpLQjSmWXgwaCZE9Nz+glAG01yF1QnWgbhGwHI5A6FRIEY6IVqtHhIepHqI7/kyEyQEagBC5mBEFlIYvdg==
  dependencies:
    safer-buffer "~2.1.0"

bcrypt-pbkdf@^1.0.2:
  version "1.0.2"
  resolved "https://registry.yarnpkg.com/bcrypt-pbkdf/-/bcrypt-pbkdf-1.0.2.tgz#a4301d389b6a43f9b67ff3ca11a3f6637e360e9e"
  integrity sha1-pDAdOJtqQ/m2f/PKEaP2Y342Dp4=
  dependencies:
    tweetnacl "^0.14.3"

chalk@^3.0.0:
  version "3.0.0"
  resolved "https://registry.yarnpkg.com/chalk/-/chalk-3.0.0.tgz#3f73c2bf526591f574cc492c51e2456349f844e4"
  integrity sha512-4D3B6Wf41KOYRFdszmDqMCGq5VV/uMAB273JILmO+3jAlh8X4qDtdtgCR3fxtbLEMzSx22QdhnDcJvu2u1fVwg==
  dependencies:
    ansi-styles "^4.1.0"
    supports-color "^7.1.0"

color-convert@^2.0.1:
  version "2.0.1"
  resolved "https://registry.yarnpkg.com/color-convert/-/color-convert-2.0.1.tgz#72d3a68d598c9bdb3af2ad1e84f21d896abd4de3"
  integrity sha512-RRECPsj7iu/xb5oKYcsFHSppFNnsj/52OVTRKb4zP5onXwVF3zVmmToNcOfGC+CRDpfK/U584fMg38ZHCaElKQ==
  dependencies:
    color-name "~1.1.4"

color-name@~1.1.4:
  version "1.1.4"
  resolved "https://registry.yarnpkg.com/color-name/-/color-name-1.1.4.tgz#c2a09a87acbde69543de6f63fa3995c826c536a2"
  integrity sha512-dOy+3AuW3a2wNbZHIuMZpTcgjGuLU/uBL/ubcZF9OXbDo8ff4O8yVp5Bf0efS8uEoYo5q4Fx7dY9OgQGXgAsQA==

has-flag@^4.0.0:
  version "4.0.0"
  resolved "https://registry.yarnpkg.com/has-flag/-/has-flag-4.0.0.tgz#944771fd9c81c81265c4d6941860da06bb59479b"
  integrity sha512-EykJT/Q1KjTWctppgIAgfSO0tKVuZUjhgMr17kqTumMl6Afv3EISleU7qZUzoXDFTAHTDC4NOoG/ZxU3EvlMPQ==

ip-address@^5.8.8:
  version "5.9.4"
  resolved "https://registry.yarnpkg.com/ip-address/-/ip-address-5.9.4.tgz#4660ac261ad61bd397a860a007f7e98e4eaee386"
  integrity sha512-dHkI3/YNJq4b/qQaz+c8LuarD3pY24JqZWfjB8aZx1gtpc2MDILu9L9jpZe1sHpzo/yWFweQVn+U//FhazUxmw==
  dependencies:
    jsbn "1.1.0"
    lodash "^4.17.15"
    sprintf-js "1.1.2"

jsbn@1.1.0:
  version "1.1.0"
  resolved "https://registry.yarnpkg.com/jsbn/-/jsbn-1.1.0.tgz#b01307cb29b618a1ed26ec79e911f803c4da0040"
  integrity sha1-sBMHyym2GKHtJux56RH4A8TaAEA=

lodash@^4.17.15:
  version "4.17.21"
  resolved "https://registry.yarnpkg.com/lodash/-/lodash-4.17.21.tgz#679591c564c3bffaae8454cf0b3df370c3d6911c"
  integrity sha512-v2kDEe57lecTulaDIuNTPy3Ry4gLGJ6Z1O3vE1krgXZNrsQ+LFTGHVxVjcXPs17LhbZVGedAJv8XZ1tvj5FvSg==

md5-file@^4.0.0:
  version "4.0.0"
  resolved "https://registry.yarnpkg.com/md5-file/-/md5-file-4.0.0.tgz#f3f7ba1e2dd1144d5bf1de698d0e5f44a4409584"
  integrity sha512-UC0qFwyAjn4YdPpKaDNw6gNxRf7Mcx7jC1UGCY4boCzgvU2Aoc1mOGzTtrjjLKhM5ivsnhoKpQVxKPp+1j1qwg==

node-ssh@^6.0.0:
  version "6.0.0"
  resolved "https://registry.yarnpkg.com/node-ssh/-/node-ssh-6.0.0.tgz#3287bdb3fad4a898064ea1df2d601a65a1c5d724"
  integrity sha512-R/nqH09/kZrXilSLizJgokw4hJTSADANnntjk6iNVfO95RPNQq9H19NeUvQof96WQB9dgOxpRgBV7d+snZP2DQ==
  dependencies:
    p-map "^2.1.0"
    sb-promisify "^2.0.1"
    sb-scandir "^2.0.0"
    shell-escape "^0.2.0"
    ssh2 "^0.8.2"

p-map@^1.2.0:
  version "1.2.0"
  resolved "https://registry.yarnpkg.com/p-map/-/p-map-1.2.0.tgz#e4e94f311eabbc8633a1e79908165fca26241b6b"
  integrity sha512-r6zKACMNhjPJMTl8KcFH4li//gkrXWfbD6feV8l6doRHlzljFWGJ2AP6iKaCJXyZmAUMOPtvbW7EXkbWO/pLEA==

p-map@^2.1.0:
  version "2.1.0"
  resolved "https://registry.yarnpkg.com/p-map/-/p-map-2.1.0.tgz#310928feef9c9ecc65b68b17693018a665cea175"
  integrity sha512-y3b8Kpd8OAN444hxfBbFfj1FY/RjtTd8tzYwhUqNYXx0fXx2iX4maP4Qr6qhIKbQXI02wTLAda4fYUbDagTUFw==

qrcode-terminal@^0.12.0:
  version "0.12.0"
  resolved "https://registry.yarnpkg.com/qrcode-terminal/-/qrcode-terminal-0.12.0.tgz#bb5b699ef7f9f0505092a3748be4464fe71b5819"
  integrity sha512-EXtzRZmC+YGmGlDFbXKxQiMZNwCLEO6BANKXG4iCtSIM0yqc/pappSx3RIKr4r0uh5JsBckOXeKrB3Iz7mdQpQ==

rxjs@^6.5.3:
  version "6.5.3"
  resolved "https://registry.yarnpkg.com/rxjs/-/rxjs-6.5.3.tgz#510e26317f4db91a7eb1de77d9dd9ba0a4899a3a"
  integrity sha512-wuYsAYYFdWTAnAaPoKGNhfpWwKZbJW+HgAJ+mImp+Epl7BG8oNWBCTyRM8gba9k4lk8BgWdoYm21Mo/RYhhbgA==
  dependencies:
    tslib "^1.9.0"

safer-buffer@~2.1.0:
  version "2.1.2"
  resolved "https://registry.yarnpkg.com/safer-buffer/-/safer-buffer-2.1.2.tgz#44fa161b0187b9549dd84bb91802f9bd8385cd6a"
  integrity sha512-YZo3K82SD7Riyi0E1EQPojLz7kpepnSQI9IyPbHHg1XXXevb5dJI7tpyN2ADxGcQbHG7vcyRHk0cbwqcQriUtg==

sb-promisify@^2.0.1:
  version "2.0.2"
  resolved "https://registry.yarnpkg.com/sb-promisify/-/sb-promisify-2.0.2.tgz#4277a54754488aa9675d886e354db894c9bdc981"
  integrity sha1-QnelR1RIiqlnXYhuNU24lMm9yYE=

sb-scandir@^2.0.0:
  version "2.0.0"
  resolved "https://registry.yarnpkg.com/sb-scandir/-/sb-scandir-2.0.0.tgz#a02ad1fa44a8bd2bfaf30193d14d23c2f35ab6b2"
  integrity sha512-SKbyMJB0DUt9OgN4tP2RBcn9OsR26DEpe+nwaDkQTNcrJSJI0FlLhXhBpTd/YEnlQ2GdLrbszSNekGLw4rweOQ==
  dependencies:
    p-map "^1.2.0"
    sb-promisify "^2.0.1"

shell-escape@^0.2.0:
  version "0.2.0"
  resolved "https://registry.yarnpkg.com/shell-escape/-/shell-escape-0.2.0.tgz#68fd025eb0490b4f567a027f0bf22480b5f84133"
  integrity sha1-aP0CXrBJC09WegJ/C/IkgLX4QTM=

sprintf-js@1.1.2:
  version "1.1.2"
  resolved "https://registry.yarnpkg.com/sprintf-js/-/sprintf-js-1.1.2.tgz#da1765262bf8c0f571749f2ad6c26300207ae673"
  integrity sha512-VE0SOVEHCk7Qc8ulkWw3ntAzXuqf7S2lvwQaDLRnUeIEaKNQJzV6BwmLKhOqT61aGhfUMrXeaBk+oDGCzvhcug==

ssh2-promise@^0.1.6:
  version "0.1.6"
  resolved "https://registry.yarnpkg.com/ssh2-promise/-/ssh2-promise-0.1.6.tgz#5758456591dedcfa621007ce588caf49b9ea02e9"
  integrity sha512-t1tBCGeqelyhVqHFnaxoKbfh3D6Utvy1iMO4+ijwssbM3KDSreDC0RsFaUVIhefBpbrfWsemTu+fAB5kx2w3bQ==
  dependencies:
    "@heroku/socksv5" "^0.0.9"
    ssh2 "^0.8.6"

ssh2-streams@~0.4.8:
  version "0.4.8"
  resolved "https://registry.yarnpkg.com/ssh2-streams/-/ssh2-streams-0.4.8.tgz#2ff92df2e0063fef86cf934eaea197967deda715"
  integrity sha512-auxXfgYySz2vYw7TMU7PK7vFI7EPvhvTH8/tZPgGaWocK4p/vwCMiV3icz9AEkb0R40kOKZtFtqYIxDJyJiytw==
  dependencies:
    asn1 "~0.2.0"
    bcrypt-pbkdf "^1.0.2"
    streamsearch "~0.1.2"

ssh2@^0.8.2, ssh2@^0.8.6:
  version "0.8.7"
  resolved "https://registry.yarnpkg.com/ssh2/-/ssh2-0.8.7.tgz#2dc15206f493010b98027201cf399b90bab79c89"
  integrity sha512-/u1BO12kb0lDVxJXejWB9pxyF3/ncgRqI9vPCZuPzo05pdNDzqUeQRavScwSPsfMGK+5H/VRqp1IierIx0Bcxw==
  dependencies:
    ssh2-streams "~0.4.8"

streamsearch@~0.1.2:
  version "0.1.2"
  resolved "https://registry.yarnpkg.com/streamsearch/-/streamsearch-0.1.2.tgz#808b9d0e56fc273d809ba57338e929919a1a9f1a"
  integrity sha1-gIudDlb8Jz2Am6VzOOkpkZoanxo=

supports-color@^7.1.0:
  version "7.1.0"
  resolved "https://registry.yarnpkg.com/supports-color/-/supports-color-7.1.0.tgz#68e32591df73e25ad1c4b49108a2ec507962bfd1"
  integrity sha512-oRSIpR8pxT1Wr2FquTNnGet79b3BWljqOuoW/h4oBhxJ/HUbX5nX6JSruTkvXDCFMwDPvsaTTbvMLKZWSy0R5g==
  dependencies:
    has-flag "^4.0.0"

tslib@^1.9.0:
  version "1.10.0"
  resolved "https://registry.yarnpkg.com/tslib/-/tslib-1.10.0.tgz#c3c19f95973fb0a62973fb09d90d961ee43e5c8a"
  integrity sha512-qOebF53frne81cf0S9B41ByenJ3/IuH8yJKngAX35CmiZySA0khhkovshKK+jGCaMnVomla7gVlIcc3EvKPbTQ==

tweetnacl@^0.14.3:
  version "0.14.5"
  resolved "https://registry.yarnpkg.com/tweetnacl/-/tweetnacl-0.14.5.tgz#5ae68177f192d4456269d108afa93ff8743f4f64"
  integrity sha1-WuaBd/GS1EViadEIr6k/+HQ/T2Q=

typescript@^3.7.3:
  version "3.7.3"
  resolved "https://registry.yarnpkg.com/typescript/-/typescript-3.7.3.tgz#b36840668a16458a7025b9eabfad11b66ab85c69"
  integrity sha512-Mcr/Qk7hXqFBXMN7p7Lusj1ktCBydylfQM/FZCk5glCNQJrCUKPkMHdo9R0MTFWsC/4kPFvDS0fDPvukfCkFsw==
